
Microsoft Visual Studio Solution File, Format Version 12.00
# Visual Studio Version 17
VisualStudioVersion = 17.9.34723.18
MinimumVisualStudioVersion = 10.0.40219.1
Project("{FAE04EC0-301F-11D3-BF4B-00C04F79EFBC}") = "LanchesMac", "LanchesMac\LanchesMac.csproj", "{0571B9E7-83D1-45DA-BA11-A0EE05A47EA5}"
EndProject
Global
	GlobalSection(SolutionConfigurationPlatforms) = preSolution
		Debug|Any CPU = Debug|Any CPU
		Release|Any CPU = Release|Any CPU
	EndGlobalSection
	GlobalSection(ProjectConfigurationPlatforms) = postSolution
		{0571B9E7-83D1-45DA-BA11-A0EE05A47EA5}.Debug|Any CPU.ActiveCfg = Debug|Any CPU
		{0571B9E7-83D1-45DA-BA11-A0EE05A47EA5}.Debug|Any CPU.Build.0 = Debug|Any CPU
		{0571B9E7-83D1-45DA-BA11-A0EE05A47EA5}.Release|Any CPU.ActiveCfg = Release|Any CPU
		{0571B9E7-83D1-45DA-BA11-A0EE05A47EA5}.Release|Any CPU.Build.0 = Release|Any CPU
	EndGlobalSection
	GlobalSection(SolutionProperties) = preSolution
		HideSolutionNode = FALSE
	EndGlobalSection
	GlobalSection(ExtensibilityGlobals) = postSolution
		SolutionGuid = {273F0B19-5661-41B0-8A76-C2DEA290BB6F}
	EndGlobalSection
EndGlobal
